
Microsoft Visual Studio Solution File, Format Version 12.00
# Visual Studio Version 17
VisualStudioVersion = 17.14.37111.16 d17.14
MinimumVisualStudioVersion = 10.0.40219.1
Project("{FAE04EC0-301F-11D3-BF4B-00C04F79EFBC}") = "HomePlant", "HomePlant.csproj", "{777D0F1A-8C16-E2BC-0272-54E560576EEB}"
EndProject
Global
	GlobalSection(SolutionConfigurationPlatforms) = preSolution
		Debug|Any CPU = Debug|Any CPU
		Release|Any CPU = Release|Any CPU
	EndGlobalSection
	GlobalSection(ProjectConfigurationPlatforms) = postSolution
		{777D0F1A-8C16-E2BC-0272-54E560576EEB}.Debug|Any CPU.ActiveCfg = Debug|Any CPU
		{777D0F1A-8C16-E2BC-0272-54E560576EEB}.Debug|Any CPU.Build.0 = Debug|Any CPU
		{777D0F1A-8C16-E2BC-0272-54E560576EEB}.Release|Any CPU.ActiveCfg = Release|Any CPU
		{777D0F1A-8C16-E2BC-0272-54E560576EEB}.Release|Any CPU.Build.0 = Release|Any CPU
	EndGlobalSection
	GlobalSection(SolutionProperties) = preSolution
		HideSolutionNode = FALSE
	EndGlobalSection
	GlobalSection(ExtensibilityGlobals) = postSolution
		SolutionGuid = {2D22A711-D744-499A-BC11-0C2CBF08A88C}
	EndGlobalSection
EndGlobal
